
Microsoft Visual Studio Solution File, Format Version 12.00
# Visual Studio Version 16
VisualStudioVersion = 16.0.31911.196
MinimumVisualStudioVersion = 10.0.40219.1
Project("{9A19103F-16F7-4668-BE54-9A1E7A4F7556}") = "PracticaConciertosAWSAPI", "PracticaConciertosAWSAPI\PracticaConciertosAWSAPI.csproj", "{36CEB980-4023-4A63-B8B4-7DD811E0883F}"
EndProject
Global
	GlobalSection(SolutionConfigurationPlatforms) = preSolution
		Debug|Any CPU = Debug|Any CPU
		Release|Any CPU = Release|Any CPU
	EndGlobalSection
	GlobalSection(ProjectConfigurationPlatforms) = postSolution
		{36CEB980-4023-4A63-B8B4-7DD811E0883F}.Debug|Any CPU.ActiveCfg = Debug|Any CPU
		{36CEB980-4023-4A63-B8B4-7DD811E0883F}.Debug|Any CPU.Build.0 = Debug|Any CPU
		{36CEB980-4023-4A63-B8B4-7DD811E0883F}.Release|Any CPU.ActiveCfg = Release|Any CPU
		{36CEB980-4023-4A63-B8B4-7DD811E0883F}.Release|Any CPU.Build.0 = Release|Any CPU
	EndGlobalSection
	GlobalSection(SolutionProperties) = preSolution
		HideSolutionNode = FALSE
	EndGlobalSection
	GlobalSection(ExtensibilityGlobals) = postSolution
		SolutionGuid = {E5E30898-0F77-4899-A933-85D1D10D8AEF}
	EndGlobalSection
EndGlobal
